
Microsoft Visual Studio Solution File, Format Version 12.00
# Visual Studio Version 16
VisualStudioVersion = 16.0.28803.352
MinimumVisualStudioVersion = 10.0.40219.1
Project("{FAE04EC0-301F-11D3-BF4B-00C04F79EFBC}") = "Sisgrain", "Sisgrain.csproj", "{50573F05-BB15-45A4-865C-6E1886AF63C1}"
EndProject
Global
	GlobalSection(SolutionConfigurationPlatforms) = preSolution
		Debug|Any CPU = Debug|Any CPU
		Debug|x86 = Debug|x86
		Release|Any CPU = Release|Any CPU
		Release|x86 = Release|x86
	EndGlobalSection
	GlobalSection(ProjectConfigurationPlatforms) = postSolution
		{50573F05-BB15-45A4-865C-6E1886AF63C1}.Debug|Any CPU.ActiveCfg = Debug|Any CPU
		{50573F05-BB15-45A4-865C-6E1886AF63C1}.Debug|Any CPU.Build.0 = Debug|Any CPU
		{50573F05-BB15-45A4-865C-6E1886AF63C1}.Debug|x86.ActiveCfg = Debug|Any CPU
		{50573F05-BB15-45A4-865C-6E1886AF63C1}.Debug|x86.Build.0 = Debug|Any CPU
		{50573F05-BB15-45A4-865C-6E1886AF63C1}.Release|Any CPU.ActiveCfg = Release|Any CPU
		{50573F05-BB15-45A4-865C-6E1886AF63C1}.Release|Any CPU.Build.0 = Release|Any CPU
		{50573F05-BB15-45A4-865C-6E1886AF63C1}.Release|x86.ActiveCfg = Release|Any CPU
		{50573F05-BB15-45A4-865C-6E1886AF63C1}.Release|x86.Build.0 = Release|Any CPU
	EndGlobalSection
	GlobalSection(SolutionProperties) = preSolution
		HideSolutionNode = FALSE
	EndGlobalSection
	GlobalSection(ExtensibilityGlobals) = postSolution
		SolutionGuid = {B6311085-13B9-440D-BA52-1CAAE798F909}
	EndGlobalSection
EndGlobal
